
Microsoft Visual Studio Solution File, Format Version 12.00
# Visual Studio Version 17
VisualStudioVersion = 17.9.34728.123
MinimumVisualStudioVersion = 10.0.40219.1
Project("{FAE04EC0-301F-11D3-BF4B-00C04F79EFBC}") = "PatiVerCore", "PatiVerCore\PatiVerCore.csproj", "{36CE63C9-C93B-49F7-A764-599F39260FA7}"
EndProject
Project("{FAE04EC0-301F-11D3-BF4B-00C04F79EFBC}") = "PatiVerCore.ServiceLayer", "PatiVerCore.ServiceLayer\PatiVerCore.ServiceLayer.csproj", "{6B3D878E-14A4-457A-91F5-A21220B5335C}"
EndProject
Project("{FAE04EC0-301F-11D3-BF4B-00C04F79EFBC}") = "PatiVerCore.DataLayer", "PatiVerCore.DataLayer\PatiVerCore.DataLayer.csproj", "{DC2FF9BD-0612-45C1-ADCB-25B443B2DAE9}"
EndProject
Global
	GlobalSection(SolutionConfigurationPlatforms) = preSolution
		Debug|Any CPU = Debug|Any CPU
		Release|Any CPU = Release|Any CPU
	EndGlobalSection
	GlobalSection(ProjectConfigurationPlatforms) = postSolution
		{36CE63C9-C93B-49F7-A764-599F39260FA7}.Debug|Any CPU.ActiveCfg = Debug|Any CPU
		{36CE63C9-C93B-49F7-A764-599F39260FA7}.Debug|Any CPU.Build.0 = Debug|Any CPU
		{36CE63C9-C93B-49F7-A764-599F39260FA7}.Release|Any CPU.ActiveCfg = Release|Any CPU
		{36CE63C9-C93B-49F7-A764-599F39260FA7}.Release|Any CPU.Build.0 = Release|Any CPU
		{6B3D878E-14A4-457A-91F5-A21220B5335C}.Debug|Any CPU.ActiveCfg = Debug|Any CPU
		{6B3D878E-14A4-457A-91F5-A21220B5335C}.Debug|Any CPU.Build.0 = Debug|Any CPU
		{6B3D878E-14A4-457A-91F5-A21220B5335C}.Release|Any CPU.ActiveCfg = Release|Any CPU
		{6B3D878E-14A4-457A-91F5-A21220B5335C}.Release|Any CPU.Build.0 = Release|Any CPU
		{DC2FF9BD-0612-45C1-ADCB-25B443B2DAE9}.Debug|Any CPU.ActiveCfg = Debug|Any CPU
		{DC2FF9BD-0612-45C1-ADCB-25B443B2DAE9}.Debug|Any CPU.Build.0 = Debug|Any CPU
		{DC2FF9BD-0612-45C1-ADCB-25B443B2DAE9}.Release|Any CPU.ActiveCfg = Release|Any CPU
		{DC2FF9BD-0612-45C1-ADCB-25B443B2DAE9}.Release|Any CPU.Build.0 = Release|Any CPU
	EndGlobalSection
	GlobalSection(SolutionProperties) = preSolution
		HideSolutionNode = FALSE
	EndGlobalSection
	GlobalSection(ExtensibilityGlobals) = postSolution
		SolutionGuid = {A1DFF4DA-5486-405C-9188-245F9DE40ED7}
	EndGlobalSection
EndGlobal
